
Microsoft Visual Studio Solution File, Format Version 12.00
# Visual Studio Version 17
VisualStudioVersion = 17.10.35122.118
MinimumVisualStudioVersion = 10.0.40219.1
Project("{8BC9CEB8-8B4A-11D0-8D11-00A0C91BC942}") = "Constructor", "Constructor\Constructor.vcxproj", "{D59F6D7A-BDA2-4766-92B4-2F16C9CF2E86}"
EndProject
Global
	GlobalSection(SolutionConfigurationPlatforms) = preSolution
		Debug|x64 = Debug|x64
		Debug|x86 = Debug|x86
		Release|x64 = Release|x64
		Release|x86 = Release|x86
	EndGlobalSection
	GlobalSection(ProjectConfigurationPlatforms) = postSolution
		{D59F6D7A-BDA2-4766-92B4-2F16C9CF2E86}.Debug|x64.ActiveCfg = Debug|x64
		{D59F6D7A-BDA2-4766-92B4-2F16C9CF2E86}.Debug|x64.Build.0 = Debug|x64
		{D59F6D7A-BDA2-4766-92B4-2F16C9CF2E86}.Debug|x86.ActiveCfg = Debug|Win32
		{D59F6D7A-BDA2-4766-92B4-2F16C9CF2E86}.Debug|x86.Build.0 = Debug|Win32
		{D59F6D7A-BDA2-4766-92B4-2F16C9CF2E86}.Release|x64.ActiveCfg = Release|x64
		{D59F6D7A-BDA2-4766-92B4-2F16C9CF2E86}.Release|x64.Build.0 = Release|x64
		{D59F6D7A-BDA2-4766-92B4-2F16C9CF2E86}.Release|x86.ActiveCfg = Release|Win32
		{D59F6D7A-BDA2-4766-92B4-2F16C9CF2E86}.Release|x86.Build.0 = Release|Win32
	EndGlobalSection
	GlobalSection(SolutionProperties) = preSolution
		HideSolutionNode = FALSE
	EndGlobalSection
	GlobalSection(ExtensibilityGlobals) = postSolution
		SolutionGuid = {AADBEE91-942D-4C8B-B883-A4F0790F0CFC}
	EndGlobalSection
EndGlobal
